
Microsoft Visual Studio Solution File, Format Version 12.00
# Visual Studio 2013
VisualStudioVersion = 12.0.30501.0
MinimumVisualStudioVersion = 10.0.40219.1
Project("{FAE04EC0-301F-11D3-BF4B-00C04F79EFBC}") = "Kupon_databaseTest", "Kupon_databaseTest\Kupon_databaseTest.csproj", "{E992A4AF-6F88-4924-9893-58AA5915EF2A}"
EndProject
Project("{FAE04EC0-301F-11D3-BF4B-00C04F79EFBC}") = "Tests", "Tests\Tests.csproj", "{3B991A0D-6DFB-4378-9782-E4602D3A4163}"
EndProject
Global
	GlobalSection(SolutionConfigurationPlatforms) = preSolution
		Debug|Any CPU = Debug|Any CPU
		Release|Any CPU = Release|Any CPU
	EndGlobalSection
	GlobalSection(ProjectConfigurationPlatforms) = postSolution
		{E992A4AF-6F88-4924-9893-58AA5915EF2A}.Debug|Any CPU.ActiveCfg = Debug|Any CPU
		{E992A4AF-6F88-4924-9893-58AA5915EF2A}.Debug|Any CPU.Build.0 = Debug|Any CPU
		{E992A4AF-6F88-4924-9893-58AA5915EF2A}.Release|Any CPU.ActiveCfg = Release|Any CPU
		{E992A4AF-6F88-4924-9893-58AA5915EF2A}.Release|Any CPU.Build.0 = Release|Any CPU
		{3B991A0D-6DFB-4378-9782-E4602D3A4163}.Debug|Any CPU.ActiveCfg = Debug|Any CPU
		{3B991A0D-6DFB-4378-9782-E4602D3A4163}.Debug|Any CPU.Build.0 = Debug|Any CPU
		{3B991A0D-6DFB-4378-9782-E4602D3A4163}.Release|Any CPU.ActiveCfg = Release|Any CPU
		{3B991A0D-6DFB-4378-9782-E4602D3A4163}.Release|Any CPU.Build.0 = Release|Any CPU
	EndGlobalSection
	GlobalSection(SolutionProperties) = preSolution
		HideSolutionNode = FALSE
	EndGlobalSection
EndGlobal
